
Microsoft Visual Studio Solution File, Format Version 12.00
# Visual Studio 2013
VisualStudioVersion = 12.0.30723.0
MinimumVisualStudioVersion = 10.0.40219.1
Project("{2150E333-8FDC-42A3-9474-1A3956D46DE8}") = "UI", "UI", "{48847F0F-B8E0-449C-B24F-C56EF0B0A763}"
EndProject
Project("{2150E333-8FDC-42A3-9474-1A3956D46DE8}") = "SGP", "SGP", "{DB0BFDB5-2C69-448F-86D8-1CD7B984B501}"
EndProject
Project("{FAE04EC0-301F-11D3-BF4B-00C04F79EFBC}") = "SGPUsuario", "UI\SGPUsuario\SGPUsuario.csproj", "{40DF6F53-B194-4328-938F-47655FB24CC7}"
EndProject
Project("{FAE04EC0-301F-11D3-BF4B-00C04F79EFBC}") = "SGPApiario", "UI\SGPApiario\SGPApiario.csproj", "{C0AEB6D9-0425-4426-BA3A-3E6753DD2BD0}"
EndProject
Project("{FAE04EC0-301F-11D3-BF4B-00C04F79EFBC}") = "SGPColmeia", "UI\SGPColmeia\SGPColmeia.csproj", "{BBA6C60C-7B8F-4288-8033-5820E06204D5}"
EndProject
Project("{FAE04EC0-301F-11D3-BF4B-00C04F79EFBC}") = "SGPMenu", "UI\SGPMenu\SGPMenu.csproj", "{4298B80E-0485-4581-8E21-1DE2B1C5ADBB}"
EndProject
Project("{FAE04EC0-301F-11D3-BF4B-00C04F79EFBC}") = "SGPRepositorio", "SGP\SGPRepositorio\SGPRepositorio.csproj", "{D078676C-D85B-4B7E-9BBD-F74C67B35D34}"
EndProject
Project("{FAE04EC0-301F-11D3-BF4B-00C04F79EFBC}") = "SGPEntidades", "SGP\SGPEntidades\SGPEntidades.csproj", "{7D30CA88-D640-4EBD-97E2-C9FDE854227F}"
EndProject
Project("{FAE04EC0-301F-11D3-BF4B-00C04F79EFBC}") = "SGPCore", "SGP\SGPCore\SGPCore.csproj", "{41A617DF-6960-42E7-A4CC-B9934D4AB8E0}"
EndProject
Project("{2150E333-8FDC-42A3-9474-1A3956D46DE8}") = ".nuget", ".nuget", "{885D052A-6E99-4A52-AE27-589EA370DE76}"
	ProjectSection(SolutionItems) = preProject
		.nuget\NuGet.Config = .nuget\NuGet.Config
		.nuget\NuGet.exe = .nuget\NuGet.exe
		.nuget\NuGet.targets = .nuget\NuGet.targets
	EndProjectSection
EndProject
Project("{FAE04EC0-301F-11D3-BF4B-00C04F79EFBC}") = "SGPServices", "SGP\SGPServices\SGPServices\SGPServices.csproj", "{196E2AA5-FCAD-4238-B3A7-BFD7CAE9F666}"
EndProject
Global
	GlobalSection(SolutionConfigurationPlatforms) = preSolution
		Debug|Any CPU = Debug|Any CPU
		Release|Any CPU = Release|Any CPU
	EndGlobalSection
	GlobalSection(ProjectConfigurationPlatforms) = postSolution
		{40DF6F53-B194-4328-938F-47655FB24CC7}.Debug|Any CPU.ActiveCfg = Debug|Any CPU
		{40DF6F53-B194-4328-938F-47655FB24CC7}.Debug|Any CPU.Build.0 = Debug|Any CPU
		{40DF6F53-B194-4328-938F-47655FB24CC7}.Release|Any CPU.ActiveCfg = Release|Any CPU
		{40DF6F53-B194-4328-938F-47655FB24CC7}.Release|Any CPU.Build.0 = Release|Any CPU
		{C0AEB6D9-0425-4426-BA3A-3E6753DD2BD0}.Debug|Any CPU.ActiveCfg = Debug|Any CPU
		{C0AEB6D9-0425-4426-BA3A-3E6753DD2BD0}.Debug|Any CPU.Build.0 = Debug|Any CPU
		{C0AEB6D9-0425-4426-BA3A-3E6753DD2BD0}.Release|Any CPU.ActiveCfg = Release|Any CPU
		{C0AEB6D9-0425-4426-BA3A-3E6753DD2BD0}.Release|Any CPU.Build.0 = Release|Any CPU
		{BBA6C60C-7B8F-4288-8033-5820E06204D5}.Debug|Any CPU.ActiveCfg = Debug|Any CPU
		{BBA6C60C-7B8F-4288-8033-5820E06204D5}.Debug|Any CPU.Build.0 = Debug|Any CPU
		{BBA6C60C-7B8F-4288-8033-5820E06204D5}.Release|Any CPU.ActiveCfg = Release|Any CPU
		{BBA6C60C-7B8F-4288-8033-5820E06204D5}.Release|Any CPU.Build.0 = Release|Any CPU
		{4298B80E-0485-4581-8E21-1DE2B1C5ADBB}.Debug|Any CPU.ActiveCfg = Debug|Any CPU
		{4298B80E-0485-4581-8E21-1DE2B1C5ADBB}.Debug|Any CPU.Build.0 = Debug|Any CPU
		{4298B80E-0485-4581-8E21-1DE2B1C5ADBB}.Release|Any CPU.ActiveCfg = Release|Any CPU
		{4298B80E-0485-4581-8E21-1DE2B1C5ADBB}.Release|Any CPU.Build.0 = Release|Any CPU
		{D078676C-D85B-4B7E-9BBD-F74C67B35D34}.Debug|Any CPU.ActiveCfg = Debug|Any CPU
		{D078676C-D85B-4B7E-9BBD-F74C67B35D34}.Debug|Any CPU.Build.0 = Debug|Any CPU
		{D078676C-D85B-4B7E-9BBD-F74C67B35D34}.Release|Any CPU.ActiveCfg = Release|Any CPU
		{D078676C-D85B-4B7E-9BBD-F74C67B35D34}.Release|Any CPU.Build.0 = Release|Any CPU
		{7D30CA88-D640-4EBD-97E2-C9FDE854227F}.Debug|Any CPU.ActiveCfg = Debug|Any CPU
		{7D30CA88-D640-4EBD-97E2-C9FDE854227F}.Debug|Any CPU.Build.0 = Debug|Any CPU
		{7D30CA88-D640-4EBD-97E2-C9FDE854227F}.Release|Any CPU.ActiveCfg = Release|Any CPU
		{7D30CA88-D640-4EBD-97E2-C9FDE854227F}.Release|Any CPU.Build.0 = Release|Any CPU
		{41A617DF-6960-42E7-A4CC-B9934D4AB8E0}.Debug|Any CPU.ActiveCfg = Debug|Any CPU
		{41A617DF-6960-42E7-A4CC-B9934D4AB8E0}.Debug|Any CPU.Build.0 = Debug|Any CPU
		{41A617DF-6960-42E7-A4CC-B9934D4AB8E0}.Release|Any CPU.ActiveCfg = Release|Any CPU
		{41A617DF-6960-42E7-A4CC-B9934D4AB8E0}.Release|Any CPU.Build.0 = Release|Any CPU
		{196E2AA5-FCAD-4238-B3A7-BFD7CAE9F666}.Debug|Any CPU.ActiveCfg = Debug|Any CPU
		{196E2AA5-FCAD-4238-B3A7-BFD7CAE9F666}.Debug|Any CPU.Build.0 = Debug|Any CPU
		{196E2AA5-FCAD-4238-B3A7-BFD7CAE9F666}.Release|Any CPU.ActiveCfg = Release|Any CPU
		{196E2AA5-FCAD-4238-B3A7-BFD7CAE9F666}.Release|Any CPU.Build.0 = Release|Any CPU
	EndGlobalSection
	GlobalSection(SolutionProperties) = preSolution
		HideSolutionNode = FALSE
	EndGlobalSection
	GlobalSection(NestedProjects) = preSolution
		{40DF6F53-B194-4328-938F-47655FB24CC7} = {48847F0F-B8E0-449C-B24F-C56EF0B0A763}
		{C0AEB6D9-0425-4426-BA3A-3E6753DD2BD0} = {48847F0F-B8E0-449C-B24F-C56EF0B0A763}
		{BBA6C60C-7B8F-4288-8033-5820E06204D5} = {48847F0F-B8E0-449C-B24F-C56EF0B0A763}
		{4298B80E-0485-4581-8E21-1DE2B1C5ADBB} = {48847F0F-B8E0-449C-B24F-C56EF0B0A763}
		{D078676C-D85B-4B7E-9BBD-F74C67B35D34} = {DB0BFDB5-2C69-448F-86D8-1CD7B984B501}
		{7D30CA88-D640-4EBD-97E2-C9FDE854227F} = {DB0BFDB5-2C69-448F-86D8-1CD7B984B501}
		{41A617DF-6960-42E7-A4CC-B9934D4AB8E0} = {DB0BFDB5-2C69-448F-86D8-1CD7B984B501}
		{196E2AA5-FCAD-4238-B3A7-BFD7CAE9F666} = {DB0BFDB5-2C69-448F-86D8-1CD7B984B501}
	EndGlobalSection
EndGlobal
